
Microsoft Visual Studio Solution File, Format Version 12.00
# Visual Studio Version 17
VisualStudioVersion = 17.4.33213.308
MinimumVisualStudioVersion = 10.0.40219.1
Project("{9A19103F-16F7-4668-BE54-9A1E7A4F7556}") = "AutomapperExample", "AutomapperExample\AutomapperExample.csproj", "{0D63CB77-C48A-466D-A9DD-C8A0C4A06238}"
EndProject
Project("{9A19103F-16F7-4668-BE54-9A1E7A4F7556}") = "AutomapperTutorial", "AutomapperTutorial\AutomapperTutorial.csproj", "{16D80F2B-C83A-47FE-A5F9-34D74AD0D852}"
EndProject
Project("{FAE04EC0-301F-11D3-BF4B-00C04F79EFBC}") = "MapperApp", "MapperApp\MapperApp.csproj", "{35431C9A-E190-4645-9D99-4BBF7951CA5C}"
EndProject
Global
	GlobalSection(SolutionConfigurationPlatforms) = preSolution
		Debug|Any CPU = Debug|Any CPU
		Release|Any CPU = Release|Any CPU
	EndGlobalSection
	GlobalSection(ProjectConfigurationPlatforms) = postSolution
		{0D63CB77-C48A-466D-A9DD-C8A0C4A06238}.Debug|Any CPU.ActiveCfg = Debug|Any CPU
		{0D63CB77-C48A-466D-A9DD-C8A0C4A06238}.Debug|Any CPU.Build.0 = Debug|Any CPU
		{0D63CB77-C48A-466D-A9DD-C8A0C4A06238}.Release|Any CPU.ActiveCfg = Release|Any CPU
		{0D63CB77-C48A-466D-A9DD-C8A0C4A06238}.Release|Any CPU.Build.0 = Release|Any CPU
		{16D80F2B-C83A-47FE-A5F9-34D74AD0D852}.Debug|Any CPU.ActiveCfg = Debug|Any CPU
		{16D80F2B-C83A-47FE-A5F9-34D74AD0D852}.Debug|Any CPU.Build.0 = Debug|Any CPU
		{16D80F2B-C83A-47FE-A5F9-34D74AD0D852}.Release|Any CPU.ActiveCfg = Release|Any CPU
		{16D80F2B-C83A-47FE-A5F9-34D74AD0D852}.Release|Any CPU.Build.0 = Release|Any CPU
		{35431C9A-E190-4645-9D99-4BBF7951CA5C}.Debug|Any CPU.ActiveCfg = Debug|Any CPU
		{35431C9A-E190-4645-9D99-4BBF7951CA5C}.Debug|Any CPU.Build.0 = Debug|Any CPU
		{35431C9A-E190-4645-9D99-4BBF7951CA5C}.Release|Any CPU.ActiveCfg = Release|Any CPU
		{35431C9A-E190-4645-9D99-4BBF7951CA5C}.Release|Any CPU.Build.0 = Release|Any CPU
	EndGlobalSection
	GlobalSection(SolutionProperties) = preSolution
		HideSolutionNode = FALSE
	EndGlobalSection
	GlobalSection(ExtensibilityGlobals) = postSolution
		SolutionGuid = {83610CBA-D4C4-4742-9B9B-E32C756D97A9}
	EndGlobalSection
EndGlobal
